// !$*UTF8*$!
{
	archiveVersion = 1;
	classes = {
	};
	objectVersion = 77;
	objects = {

/* Begin PBXBuildFile section */
		060992812DC21FF2008CC014 /* ProfileDetail.swift in Sources */ = {isa = PBXBuildFile; fileRef = 060992802DC21FF2008CC014 /* ProfileDetail.swift */; };
		060992832DC22083008CC014 /* APIInformation.swift in Sources */ = {isa = PBXBuildFile; fileRef = 060992822DC22083008CC014 /* APIInformation.swift */; };
		060992852DC22CAD008CC014 /* BiometricAuthentification.swift in Sources */ = {isa = PBXBuildFile; fileRef = 060992842DC22CAD008CC014 /* BiometricAuthentification.swift */; };
		0609D2282DB25D81007A19DD /* Barcode.swift in Sources */ = {isa = PBXBuildFile; fileRef = 0609D2272DB25D81007A19DD /* Barcode.swift */; };
		060C7B862DB8EF6C0082EC21 /* Nutrition.swift in Sources */ = {isa = PBXBuildFile; fileRef = 060C7B852DB8EF6C0082EC21 /* Nutrition.swift */; };
		060C7B892DB8EFAC0082EC21 /* Extensions.swift in Sources */ = {isa = PBXBuildFile; fileRef = 060C7B882DB8EFAC0082EC21 /* Extensions.swift */; };
		062288502E549FD90026B70B /* IngredientDetailView.swift in Sources */ = {isa = PBXBuildFile; fileRef = 0622884F2E549FD90026B70B /* IngredientDetailView.swift */; };
		062288522E54A01E0026B70B /* AddIngredientView.swift in Sources */ = {isa = PBXBuildFile; fileRef = 062288512E54A01E0026B70B /* AddIngredientView.swift */; };
		063312552DB00CE800AFA650 /* CodeScanner in Frameworks */ = {isa = PBXBuildFile; productRef = 063312542DB00CE800AFA650 /* CodeScanner */; };
		0650616E2E5D9E94000A047C /* TabBarView.swift in Sources */ = {isa = PBXBuildFile; fileRef = 0650616D2E5D9E94000A047C /* TabBarView.swift */; };
		065061702E5D9F7B000A047C /* GroceryListView.swift in Sources */ = {isa = PBXBuildFile; fileRef = 0650616F2E5D9F7B000A047C /* GroceryListView.swift */; };
		065061732E5DA15F000A047C /* GroceryList.swift in Sources */ = {isa = PBXBuildFile; fileRef = 065061722E5DA15F000A047C /* GroceryList.swift */; };
		065061752E5DA37F000A047C /* AddCategoryView.swift in Sources */ = {isa = PBXBuildFile; fileRef = 065061742E5DA37F000A047C /* AddCategoryView.swift */; };
		065061772E5DA392000A047C /* GroceryItemRowView.swift in Sources */ = {isa = PBXBuildFile; fileRef = 065061762E5DA392000A047C /* GroceryItemRowView.swift */; };
		067632C52DBF83B3009E8A80 /* User.swift in Sources */ = {isa = PBXBuildFile; fileRef = 067632C42DBF83B3009E8A80 /* User.swift */; };
		067632C82DBF84D2009E8A80 /* LoginView.swift in Sources */ = {isa = PBXBuildFile; fileRef = 067632C72DBF84D2009E8A80 /* LoginView.swift */; };
		067632CA2DBF84E0009E8A80 /* RegistrationView.swift in Sources */ = {isa = PBXBuildFile; fileRef = 067632C92DBF84E0009E8A80 /* RegistrationView.swift */; };
		067632CC2DBF8791009E8A80 /* GoogleService-Info.plist in Resources */ = {isa = PBXBuildFile; fileRef = 067632CB2DBF8791009E8A80 /* GoogleService-Info.plist */; };
		067632CF2DBF894F009E8A80 /* FirebaseAuth in Frameworks */ = {isa = PBXBuildFile; productRef = 067632CE2DBF894F009E8A80 /* FirebaseAuth */; };
		067632D12DBF894F009E8A80 /* FirebaseFirestore in Frameworks */ = {isa = PBXBuildFile; productRef = 067632D02DBF894F009E8A80 /* FirebaseFirestore */; };
		067632D32DBF89B9009E8A80 /* AuthViewModel.swift in Sources */ = {isa = PBXBuildFile; fileRef = 067632D22DBF89B9009E8A80 /* AuthViewModel.swift */; };
		067632D52DBF977C009E8A80 /* ContentView.swift in Sources */ = {isa = PBXBuildFile; fileRef = 067632D42DBF977C009E8A80 /* ContentView.swift */; };
		067632D72DBFDA01009E8A80 /* ImprovementView.swift in Sources */ = {isa = PBXBuildFile; fileRef = 067632D62DBFDA01009E8A80 /* ImprovementView.swift */; };
		067632D92DBFDC5A009E8A80 /* AboutMeView.swift in Sources */ = {isa = PBXBuildFile; fileRef = 067632D82DBFDC5A009E8A80 /* AboutMeView.swift */; };
		0681C1AC2DBF68B100B92E67 /* SettingsView.swift in Sources */ = {isa = PBXBuildFile; fileRef = 0681C1AA2DBF68B100B92E67 /* SettingsView.swift */; };
		0681C1AE2DBF68D200B92E67 /* ReportBugView.swift in Sources */ = {isa = PBXBuildFile; fileRef = 0681C1AD2DBF68D200B92E67 /* ReportBugView.swift */; };
		068BEA812DBA2A2400FB693D /* NetworkCalls.swift in Sources */ = {isa = PBXBuildFile; fileRef = 068BEA802DBA2A2400FB693D /* NetworkCalls.swift */; };
		06A34DBF2DAE8D8600ADAA6B /* Preview Assets.xcassets in Resources */ = {isa = PBXBuildFile; fileRef = 06A34DB92DAE8D8600ADAA6B /* Preview Assets.xcassets */; };
		06A34DC02DAE8D8600ADAA6B /* Assets.xcassets in Resources */ = {isa = PBXBuildFile; fileRef = 06A34DBB2DAE8D8600ADAA6B /* Assets.xcassets */; };
		06A34DC12DAE8D8600ADAA6B /* IngredientView.swift in Sources */ = {isa = PBXBuildFile; fileRef = 06A34DBC2DAE8D8600ADAA6B /* IngredientView.swift */; };
		06A34DC22DAE8D8600ADAA6B /* FridgeAIApp.swift in Sources */ = {isa = PBXBuildFile; fileRef = 06A34DBD2DAE8D8600ADAA6B /* FridgeAIApp.swift */; };
		06A34DC92DAE8DCE00ADAA6B /* Recipe.swift in Sources */ = {isa = PBXBuildFile; fileRef = 06A34DC82DAE8DCE00ADAA6B /* Recipe.swift */; };
		06A34DCB2DAE8DEA00ADAA6B /* Ingredient.swift in Sources */ = {isa = PBXBuildFile; fileRef = 06A34DCA2DAE8DEA00ADAA6B /* Ingredient.swift */; };
		06A34DCD2DAE8E9200ADAA6B /* RecipeView.swift in Sources */ = {isa = PBXBuildFile; fileRef = 06A34DCC2DAE8E9200ADAA6B /* RecipeView.swift */; };
		06A34DCF2DAE8F0000ADAA6B /* RecipeViewModel.swift in Sources */ = {isa = PBXBuildFile; fileRef = 06A34DCE2DAE8F0000ADAA6B /* RecipeViewModel.swift */; };
		06CE45182E72F02B00C12FC4 /* GroceryViewModel.swift in Sources */ = {isa = PBXBuildFile; fileRef = 06CE45172E72F02B00C12FC4 /* GroceryViewModel.swift */; };
		06CE451E2E73021100C12FC4 /* ChangeSupermarketForItem.swift in Sources */ = {isa = PBXBuildFile; fileRef = 06CE451D2E73021100C12FC4 /* ChangeSupermarketForItem.swift */; };
		06D149272E5701F80003CD47 /* IngredientListView.swift in Sources */ = {isa = PBXBuildFile; fileRef = 06D149262E5701F80003CD47 /* IngredientListView.swift */; };
		06D149292E57051E0003CD47 /* RecipeResultsView.swift in Sources */ = {isa = PBXBuildFile; fileRef = 06D149282E57051E0003CD47 /* RecipeResultsView.swift */; };
		06F0AF792E1407770085EDCD /* PremiumPlanView.swift in Sources */ = {isa = PBXBuildFile; fileRef = 06F0AF782E1407770085EDCD /* PremiumPlanView.swift */; };
/* End PBXBuildFile section */

/* Begin PBXFileReference section */
		0601CA3C2DAD1414006015E4 /* FridgeAI.app */ = {isa = PBXFileReference; explicitFileType = wrapper.application; includeInIndex = 0; path = FridgeAI.app; sourceTree = BUILT_PRODUCTS_DIR; };
		060992802DC21FF2008CC014 /* ProfileDetail.swift */ = {isa = PBXFileReference; lastKnownFileType = sourcecode.swift; path = ProfileDetail.swift; sourceTree = "<group>"; };
		060992822DC22083008CC014 /* APIInformation.swift */ = {isa = PBXFileReference; lastKnownFileType = sourcecode.swift; path = APIInformation.swift; sourceTree = "<group>"; };
		060992842DC22CAD008CC014 /* BiometricAuthentification.swift */ = {isa = PBXFileReference; lastKnownFileType = sourcecode.swift; path = BiometricAuthentification.swift; sourceTree = "<group>"; };
		0609D2272DB25D81007A19DD /* Barcode.swift */ = {isa = PBXFileReference; lastKnownFileType = sourcecode.swift; path = Barcode.swift; sourceTree = "<group>"; };
		060C7B852DB8EF6C0082EC21 /* Nutrition.swift */ = {isa = PBXFileReference; lastKnownFileType = sourcecode.swift; path = Nutrition.swift; sourceTree = "<group>"; };
		060C7B882DB8EFAC0082EC21 /* Extensions.swift */ = {isa = PBXFileReference; lastKnownFileType = sourcecode.swift; path = Extensions.swift; sourceTree = "<group>"; };
		0622884F2E549FD90026B70B /* IngredientDetailView.swift */ = {isa = PBXFileReference; lastKnownFileType = sourcecode.swift; path = IngredientDetailView.swift; sourceTree = "<group>"; };
		062288512E54A01E0026B70B /* AddIngredientView.swift */ = {isa = PBXFileReference; lastKnownFileType = sourcecode.swift; path = AddIngredientView.swift; sourceTree = "<group>"; };
		0650616D2E5D9E94000A047C /* TabBarView.swift */ = {isa = PBXFileReference; lastKnownFileType = sourcecode.swift; path = TabBarView.swift; sourceTree = "<group>"; };
		0650616F2E5D9F7B000A047C /* GroceryListView.swift */ = {isa = PBXFileReference; lastKnownFileType = sourcecode.swift; path = GroceryListView.swift; sourceTree = "<group>"; };
		065061722E5DA15F000A047C /* GroceryList.swift */ = {isa = PBXFileReference; lastKnownFileType = sourcecode.swift; path = GroceryList.swift; sourceTree = "<group>"; };
		065061742E5DA37F000A047C /* AddCategoryView.swift */ = {isa = PBXFileReference; lastKnownFileType = sourcecode.swift; path = AddCategoryView.swift; sourceTree = "<group>"; };
		065061762E5DA392000A047C /* GroceryItemRowView.swift */ = {isa = PBXFileReference; lastKnownFileType = sourcecode.swift; path = GroceryItemRowView.swift; sourceTree = "<group>"; };
		067632C42DBF83B3009E8A80 /* User.swift */ = {isa = PBXFileReference; lastKnownFileType = sourcecode.swift; path = User.swift; sourceTree = "<group>"; };
		067632C72DBF84D2009E8A80 /* LoginView.swift */ = {isa = PBXFileReference; lastKnownFileType = sourcecode.swift; path = LoginView.swift; sourceTree = "<group>"; };
		067632C92DBF84E0009E8A80 /* RegistrationView.swift */ = {isa = PBXFileReference; lastKnownFileType = sourcecode.swift; path = RegistrationView.swift; sourceTree = "<group>"; };
		067632CB2DBF8791009E8A80 /* GoogleService-Info.plist */ = {isa = PBXFileReference; lastKnownFileType = text.plist.xml; path = "GoogleService-Info.plist"; sourceTree = "<group>"; };
		067632D22DBF89B9009E8A80 /* AuthViewModel.swift */ = {isa = PBXFileReference; lastKnownFileType = sourcecode.swift; path = AuthViewModel.swift; sourceTree = "<group>"; };
		067632D42DBF977C009E8A80 /* ContentView.swift */ = {isa = PBXFileReference; lastKnownFileType = sourcecode.swift; path = ContentView.swift; sourceTree = "<group>"; };
		067632D62DBFDA01009E8A80 /* ImprovementView.swift */ = {isa = PBXFileReference; lastKnownFileType = sourcecode.swift; path = ImprovementView.swift; sourceTree = "<group>"; };
		067632D82DBFDC5A009E8A80 /* AboutMeView.swift */ = {isa = PBXFileReference; lastKnownFileType = sourcecode.swift; path = AboutMeView.swift; sourceTree = "<group>"; };
		0681C1AA2DBF68B100B92E67 /* SettingsView.swift */ = {isa = PBXFileReference; lastKnownFileType = sourcecode.swift; path = SettingsView.swift; sourceTree = "<group>"; };
		0681C1AD2DBF68D200B92E67 /* ReportBugView.swift */ = {isa = PBXFileReference; lastKnownFileType = sourcecode.swift; path = ReportBugView.swift; sourceTree = "<group>"; };
		068BEA802DBA2A2400FB693D /* NetworkCalls.swift */ = {isa = PBXFileReference; lastKnownFileType = sourcecode.swift; path = NetworkCalls.swift; sourceTree = "<group>"; };
		06A1221A2E0C23DD001FDC40 /* Keys.xcconfig */ = {isa = PBXFileReference; lastKnownFileType = text.xcconfig; path = Keys.xcconfig; sourceTree = "<group>"; };
		06A1221C2E0C2B97001FDC40 /* .gitignore */ = {isa = PBXFileReference; lastKnownFileType = text; path = .gitignore; sourceTree = "<group>"; };
		06A34DB92DAE8D8600ADAA6B /* Preview Assets.xcassets */ = {isa = PBXFileReference; lastKnownFileType = folder.assetcatalog; path = "Preview Assets.xcassets"; sourceTree = "<group>"; };
		06A34DBB2DAE8D8600ADAA6B /* Assets.xcassets */ = {isa = PBXFileReference; lastKnownFileType = folder.assetcatalog; path = Assets.xcassets; sourceTree = "<group>"; };
		06A34DBC2DAE8D8600ADAA6B /* IngredientView.swift */ = {isa = PBXFileReference; lastKnownFileType = sourcecode.swift; path = IngredientView.swift; sourceTree = "<group>"; };
		06A34DBD2DAE8D8600ADAA6B /* FridgeAIApp.swift */ = {isa = PBXFileReference; lastKnownFileType = sourcecode.swift; path = FridgeAIApp.swift; sourceTree = "<group>"; };
		06A34DC82DAE8DCE00ADAA6B /* Recipe.swift */ = {isa = PBXFileReference; lastKnownFileType = sourcecode.swift; path = Recipe.swift; sourceTree = "<group>"; };
		06A34DCA2DAE8DEA00ADAA6B /* Ingredient.swift */ = {isa = PBXFileReference; lastKnownFileType = sourcecode.swift; path = Ingredient.swift; sourceTree = "<group>"; };
		06A34DCC2DAE8E9200ADAA6B /* RecipeView.swift */ = {isa = PBXFileReference; lastKnownFileType = sourcecode.swift; path = RecipeView.swift; sourceTree = "<group>"; };
		06A34DCE2DAE8F0000ADAA6B /* RecipeViewModel.swift */ = {isa = PBXFileReference; lastKnownFileType = sourcecode.swift; path = RecipeViewModel.swift; sourceTree = "<group>"; };
		06CE45172E72F02B00C12FC4 /* GroceryViewModel.swift */ = {isa = PBXFileReference; lastKnownFileType = sourcecode.swift; path = GroceryViewModel.swift; sourceTree = "<group>"; };
		06CE451D2E73021100C12FC4 /* ChangeSupermarketForItem.swift */ = {isa = PBXFileReference; lastKnownFileType = sourcecode.swift; path = ChangeSupermarketForItem.swift; sourceTree = "<group>"; };
		06D149262E5701F80003CD47 /* IngredientListView.swift */ = {isa = PBXFileReference; lastKnownFileType = sourcecode.swift; path = IngredientListView.swift; sourceTree = "<group>"; };
		06D149282E57051E0003CD47 /* RecipeResultsView.swift */ = {isa = PBXFileReference; lastKnownFileType = sourcecode.swift; path = RecipeResultsView.swift; sourceTree = "<group>"; };
		06F0AF782E1407770085EDCD /* PremiumPlanView.swift */ = {isa = PBXFileReference; lastKnownFileType = sourcecode.swift; path = PremiumPlanView.swift; sourceTree = "<group>"; };
/* End PBXFileReference section */

/* Begin PBXFrameworksBuildPhase section */
		0601CA392DAD1414006015E4 /* Frameworks */ = {
			isa = PBXFrameworksBuildPhase;
			buildActionMask = 2147483647;
			files = (
				063312552DB00CE800AFA650 /* CodeScanner in Frameworks */,
				067632CF2DBF894F009E8A80 /* FirebaseAuth in Frameworks */,
				067632D12DBF894F009E8A80 /* FirebaseFirestore in Frameworks */,
			);
			runOnlyForDeploymentPostprocessing = 0;
		};
/* End PBXFrameworksBuildPhase section */

/* Begin PBXGroup section */
		0601CA332DAD1414006015E4 = {
			isa = PBXGroup;
			children = (
				06A1221A2E0C23DD001FDC40 /* Keys.xcconfig */,
				06A1221C2E0C2B97001FDC40 /* .gitignore */,
				06A34DBE2DAE8D8600ADAA6B /* FridgeAI */,
				0601CA3D2DAD1414006015E4 /* Products */,
			);
			sourceTree = "<group>";
		};
		0601CA3D2DAD1414006015E4 /* Products */ = {
			isa = PBXGroup;
			children = (
				0601CA3C2DAD1414006015E4 /* FridgeAI.app */,
			);
			name = Products;
			sourceTree = "<group>";
		};
		0609927B2DC21F9C008CC014 /* Generel */ = {
			isa = PBXGroup;
			children = (
			);
			path = Generel;
			sourceTree = "<group>";
		};
		0609927C2DC21FA0008CC014 /* Safety & Notification */ = {
			isa = PBXGroup;
			children = (
			);
			path = "Safety & Notification";
			sourceTree = "<group>";
		};
		0609927D2DC21FBD008CC014 /* Feedback */ = {
			isa = PBXGroup;
			children = (
				067632D62DBFDA01009E8A80 /* ImprovementView.swift */,
				0681C1AD2DBF68D200B92E67 /* ReportBugView.swift */,
			);
			path = Feedback;
			sourceTree = "<group>";
		};
		0609927E2DC21FC2008CC014 /* Information */ = {
			isa = PBXGroup;
			children = (
				067632D82DBFDC5A009E8A80 /* AboutMeView.swift */,
				060992822DC22083008CC014 /* APIInformation.swift */,
			);
			path = Information;
			sourceTree = "<group>";
		};
		0609927F2DC21FD9008CC014 /* Account */ = {
			isa = PBXGroup;
			children = (
				060992802DC21FF2008CC014 /* ProfileDetail.swift */,
			);
			path = Account;
			sourceTree = "<group>";
		};
		062288532E54A0490026B70B /* Ingredients */ = {
			isa = PBXGroup;
			children = (
				06A34DBC2DAE8D8600ADAA6B /* IngredientView.swift */,
				06D149262E5701F80003CD47 /* IngredientListView.swift */,
				062288512E54A01E0026B70B /* AddIngredientView.swift */,
				0622884F2E549FD90026B70B /* IngredientDetailView.swift */,
			);
			path = Ingredients;
			sourceTree = "<group>";
		};
		065061712E5DA078000A047C /* GroceryList */ = {
			isa = PBXGroup;
			children = (
				0650616F2E5D9F7B000A047C /* GroceryListView.swift */,
				065061762E5DA392000A047C /* GroceryItemRowView.swift */,
				06CE451D2E73021100C12FC4 /* ChangeSupermarketForItem.swift */,
				065061742E5DA37F000A047C /* AddCategoryView.swift */,
			);
			path = GroceryList;
			sourceTree = "<group>";
		};
		067632C62DBF84C2009E8A80 /* Authentication */ = {
			isa = PBXGroup;
			children = (
				067632C72DBF84D2009E8A80 /* LoginView.swift */,
				067632C92DBF84E0009E8A80 /* RegistrationView.swift */,
			);
			path = Authentication;
			sourceTree = "<group>";
		};
		0681C1AB2DBF68B100B92E67 /* Settings */ = {
			isa = PBXGroup;
			children = (
				0681C1AA2DBF68B100B92E67 /* SettingsView.swift */,
				0609927F2DC21FD9008CC014 /* Account */,
				0609927B2DC21F9C008CC014 /* Generel */,
				0609927C2DC21FA0008CC014 /* Safety & Notification */,
				0609927D2DC21FBD008CC014 /* Feedback */,
				0609927E2DC21FC2008CC014 /* Information */,
			);
			path = Settings;
			sourceTree = "<group>";
		};
		06A34DBA2DAE8D8600ADAA6B /* Preview Content */ = {
			isa = PBXGroup;
			children = (
				06A34DB92DAE8D8600ADAA6B /* Preview Assets.xcassets */,
			);
			path = "Preview Content";
			sourceTree = "<group>";
		};
		06A34DBE2DAE8D8600ADAA6B /* FridgeAI */ = {
			isa = PBXGroup;
			children = (
				06A34DBD2DAE8D8600ADAA6B /* FridgeAIApp.swift */,
				06A34DC52DAE8D9800ADAA6B /* Model */,
				06A34DC62DAE8DA400ADAA6B /* ViewModel */,
				06A34DC72DAE8DB200ADAA6B /* View */,
				06A34DBB2DAE8D8600ADAA6B /* Assets.xcassets */,
				067632CB2DBF8791009E8A80 /* GoogleService-Info.plist */,
				06A34DBA2DAE8D8600ADAA6B /* Preview Content */,
				068BEA802DBA2A2400FB693D /* NetworkCalls.swift */,
				060C7B882DB8EFAC0082EC21 /* Extensions.swift */,
			);
			path = FridgeAI;
			sourceTree = "<group>";
		};
		06A34DC52DAE8D9800ADAA6B /* Model */ = {
			isa = PBXGroup;
			children = (
				06A34DC82DAE8DCE00ADAA6B /* Recipe.swift */,
				065061722E5DA15F000A047C /* GroceryList.swift */,
				060C7B852DB8EF6C0082EC21 /* Nutrition.swift */,
				06A34DCA2DAE8DEA00ADAA6B /* Ingredient.swift */,
				0609D2272DB25D81007A19DD /* Barcode.swift */,
				067632C42DBF83B3009E8A80 /* User.swift */,
				060992842DC22CAD008CC014 /* BiometricAuthentification.swift */,
			);
			path = Model;
			sourceTree = "<group>";
		};
		06A34DC62DAE8DA400ADAA6B /* ViewModel */ = {
			isa = PBXGroup;
			children = (
				06A34DCE2DAE8F0000ADAA6B /* RecipeViewModel.swift */,
				067632D22DBF89B9009E8A80 /* AuthViewModel.swift */,
				06CE45172E72F02B00C12FC4 /* GroceryViewModel.swift */,
			);
			path = ViewModel;
			sourceTree = "<group>";
		};
		06A34DC72DAE8DB200ADAA6B /* View */ = {
			isa = PBXGroup;
			children = (
				067632D42DBF977C009E8A80 /* ContentView.swift */,
				0650616D2E5D9E94000A047C /* TabBarView.swift */,
				06D1492A2E5705490003CD47 /* Recipes */,
				062288532E54A0490026B70B /* Ingredients */,
				065061712E5DA078000A047C /* GroceryList */,
				067632C62DBF84C2009E8A80 /* Authentication */,
				0681C1AB2DBF68B100B92E67 /* Settings */,
				06F0AF782E1407770085EDCD /* PremiumPlanView.swift */,
			);
			path = View;
			sourceTree = "<group>";
		};
		06D1492A2E5705490003CD47 /* Recipes */ = {
			isa = PBXGroup;
			children = (
				06A34DCC2DAE8E9200ADAA6B /* RecipeView.swift */,
				06D149282E57051E0003CD47 /* RecipeResultsView.swift */,
			);
			path = Recipes;
			sourceTree = "<group>";
		};
/* End PBXGroup section */

/* Begin PBXNativeTarget section */
		0601CA3B2DAD1414006015E4 /* FridgeAI */ = {
			isa = PBXNativeTarget;
			buildConfigurationList = 0601CA4A2DAD1415006015E4 /* Build configuration list for PBXNativeTarget "FridgeAI" */;
			buildPhases = (
				0601CA382DAD1414006015E4 /* Sources */,
				0601CA392DAD1414006015E4 /* Frameworks */,
				0601CA3A2DAD1414006015E4 /* Resources */,
			);
			buildRules = (
			);
			dependencies = (
			);
			name = FridgeAI;
			packageProductDependencies = (
				063312542DB00CE800AFA650 /* CodeScanner */,
				067632CE2DBF894F009E8A80 /* FirebaseAuth */,
				067632D02DBF894F009E8A80 /* FirebaseFirestore */,
			);
			productName = FridgeAI;
			productReference = 0601CA3C2DAD1414006015E4 /* FridgeAI.app */;
			productType = "com.apple.product-type.application";
		};
/* End PBXNativeTarget section */

/* Begin PBXProject section */
		0601CA342DAD1414006015E4 /* Project object */ = {
			isa = PBXProject;
			attributes = {
				BuildIndependentTargetsInParallel = 1;
				LastSwiftUpdateCheck = 1620;
				LastUpgradeCheck = 1620;
				TargetAttributes = {
					0601CA3B2DAD1414006015E4 = {
						CreatedOnToolsVersion = 16.2;
					};
				};
			};
			buildConfigurationList = 0601CA372DAD1414006015E4 /* Build configuration list for PBXProject "FridgeAI" */;
			developmentRegion = en;
			hasScannedForEncodings = 0;
			knownRegions = (
				en,
				Base,
				de,
			);
			mainGroup = 0601CA332DAD1414006015E4;
			minimizedProjectReferenceProxies = 1;
			packageReferences = (
				063312532DB00CE800AFA650 /* XCRemoteSwiftPackageReference "CodeScanner" */,
				067632CD2DBF894F009E8A80 /* XCRemoteSwiftPackageReference "firebase-ios-sdk" */,
			);
			preferredProjectObjectVersion = 77;
			productRefGroup = 0601CA3D2DAD1414006015E4 /* Products */;
			projectDirPath = "";
			projectRoot = "";
			targets = (
				0601CA3B2DAD1414006015E4 /* FridgeAI */,
			);
		};
/* End PBXProject section */

/* Begin PBXResourcesBuildPhase section */
		0601CA3A2DAD1414006015E4 /* Resources */ = {
			isa = PBXResourcesBuildPhase;
			buildActionMask = 2147483647;
			files = (
				06A34DBF2DAE8D8600ADAA6B /* Preview Assets.xcassets in Resources */,
				067632CC2DBF8791009E8A80 /* GoogleService-Info.plist in Resources */,
				06A34DC02DAE8D8600ADAA6B /* Assets.xcassets in Resources */,
			);
			runOnlyForDeploymentPostprocessing = 0;
		};
/* End PBXResourcesBuildPhase section */

/* Begin PBXSourcesBuildPhase section */
		0601CA382DAD1414006015E4 /* Sources */ = {
			isa = PBXSourcesBuildPhase;
			buildActionMask = 2147483647;
			files = (
				060992812DC21FF2008CC014 /* ProfileDetail.swift in Sources */,
				067632C52DBF83B3009E8A80 /* User.swift in Sources */,
				0609D2282DB25D81007A19DD /* Barcode.swift in Sources */,
				060C7B892DB8EFAC0082EC21 /* Extensions.swift in Sources */,
				0681C1AE2DBF68D200B92E67 /* ReportBugView.swift in Sources */,
				06A34DCB2DAE8DEA00ADAA6B /* Ingredient.swift in Sources */,
				065061752E5DA37F000A047C /* AddCategoryView.swift in Sources */,
				06A34DC92DAE8DCE00ADAA6B /* Recipe.swift in Sources */,
				065061732E5DA15F000A047C /* GroceryList.swift in Sources */,
				068BEA812DBA2A2400FB693D /* NetworkCalls.swift in Sources */,
				067632D52DBF977C009E8A80 /* ContentView.swift in Sources */,
				067632C82DBF84D2009E8A80 /* LoginView.swift in Sources */,
				067632D92DBFDC5A009E8A80 /* AboutMeView.swift in Sources */,
				06A34DC12DAE8D8600ADAA6B /* IngredientView.swift in Sources */,
				067632CA2DBF84E0009E8A80 /* RegistrationView.swift in Sources */,
				060992852DC22CAD008CC014 /* BiometricAuthentification.swift in Sources */,
				065061772E5DA392000A047C /* GroceryItemRowView.swift in Sources */,
				06A34DC22DAE8D8600ADAA6B /* FridgeAIApp.swift in Sources */,
				06A34DCF2DAE8F0000ADAA6B /* RecipeViewModel.swift in Sources */,
				067632D72DBFDA01009E8A80 /* ImprovementView.swift in Sources */,
				06CE45182E72F02B00C12FC4 /* GroceryViewModel.swift in Sources */,
				060992832DC22083008CC014 /* APIInformation.swift in Sources */,
				0650616E2E5D9E94000A047C /* TabBarView.swift in Sources */,
				067632D32DBF89B9009E8A80 /* AuthViewModel.swift in Sources */,
				06D149272E5701F80003CD47 /* IngredientListView.swift in Sources */,
				065061702E5D9F7B000A047C /* GroceryListView.swift in Sources */,
				06F0AF792E1407770085EDCD /* PremiumPlanView.swift in Sources */,
				062288522E54A01E0026B70B /* AddIngredientView.swift in Sources */,
				062288502E549FD90026B70B /* IngredientDetailView.swift in Sources */,
				060C7B862DB8EF6C0082EC21 /* Nutrition.swift in Sources */,
				06A34DCD2DAE8E9200ADAA6B /* RecipeView.swift in Sources */,
				06D149292E57051E0003CD47 /* RecipeResultsView.swift in Sources */,
				06CE451E2E73021100C12FC4 /* ChangeSupermarketForItem.swift in Sources */,
				0681C1AC2DBF68B100B92E67 /* SettingsView.swift in Sources */,
			);
			runOnlyForDeploymentPostprocessing = 0;
		};
/* End PBXSourcesBuildPhase section */

/* Begin XCBuildConfiguration section */
		0601CA482DAD1415006015E4 /* Debug */ = {
			isa = XCBuildConfiguration;
			baseConfigurationReference = 06A1221A2E0C23DD001FDC40 /* Keys.xcconfig */;
			buildSettings = {
				ALWAYS_SEARCH_USER_PATHS = NO;
				ASSETCATALOG_COMPILER_GENERATE_SWIFT_ASSET_SYMBOL_EXTENSIONS = YES;
				CLANG_ANALYZER_NONNULL = YES;
				CLANG_ANALYZER_NUMBER_OBJECT_CONVERSION = YES_AGGRESSIVE;
				CLANG_CXX_LANGUAGE_STANDARD = "gnu++20";
				CLANG_ENABLE_MODULES = YES;
				CLANG_ENABLE_OBJC_ARC = YES;
				CLANG_ENABLE_OBJC_WEAK = YES;
				CLANG_WARN_BLOCK_CAPTURE_AUTORELEASING = YES;
				CLANG_WARN_BOOL_CONVERSION = YES;
				CLANG_WARN_COMMA = YES;
				CLANG_WARN_CONSTANT_CONVERSION = YES;
				CLANG_WARN_DEPRECATED_OBJC_IMPLEMENTATIONS = YES;
				CLANG_WARN_DIRECT_OBJC_ISA_USAGE = YES_ERROR;
				CLANG_WARN_DOCUMENTATION_COMMENTS = YES;
				CLANG_WARN_EMPTY_BODY = YES;
				CLANG_WARN_ENUM_CONVERSION = YES;
				CLANG_WARN_INFINITE_RECURSION = YES;
				CLANG_WARN_INT_CONVERSION = YES;
				CLANG_WARN_NON_LITERAL_NULL_CONVERSION = YES;
				CLANG_WARN_OBJC_IMPLICIT_RETAIN_SELF = YES;
				CLANG_WARN_OBJC_LITERAL_CONVERSION = YES;
				CLANG_WARN_OBJC_ROOT_CLASS = YES_ERROR;
				CLANG_WARN_QUOTED_INCLUDE_IN_FRAMEWORK_HEADER = YES;
				CLANG_WARN_RANGE_LOOP_ANALYSIS = YES;
				CLANG_WARN_STRICT_PROTOTYPES = YES;
				CLANG_WARN_SUSPICIOUS_MOVE = YES;
				CLANG_WARN_UNGUARDED_AVAILABILITY = YES_AGGRESSIVE;
				CLANG_WARN_UNREACHABLE_CODE = YES;
				CLANG_WARN__DUPLICATE_METHOD_MATCH = YES;
				COPY_PHASE_STRIP = NO;
				DEBUG_INFORMATION_FORMAT = dwarf;
				ENABLE_STRICT_OBJC_MSGSEND = YES;
				ENABLE_TESTABILITY = YES;
				ENABLE_USER_SCRIPT_SANDBOXING = YES;
				GCC_C_LANGUAGE_STANDARD = gnu17;
				GCC_DYNAMIC_NO_PIC = NO;
				GCC_NO_COMMON_BLOCKS = YES;
				GCC_OPTIMIZATION_LEVEL = 0;
				GCC_PREPROCESSOR_DEFINITIONS = (
					"DEBUG=1",
					"$(inherited)",
				);
				GCC_WARN_64_TO_32_BIT_CONVERSION = YES;
				GCC_WARN_ABOUT_RETURN_TYPE = YES_ERROR;
				GCC_WARN_UNDECLARED_SELECTOR = YES;
				GCC_WARN_UNINITIALIZED_AUTOS = YES_AGGRESSIVE;
				GCC_WARN_UNUSED_FUNCTION = YES;
				GCC_WARN_UNUSED_VARIABLE = YES;
				IPHONEOS_DEPLOYMENT_TARGET = 18.2;
				LOCALIZATION_PREFERS_STRING_CATALOGS = YES;
				MTL_ENABLE_DEBUG_INFO = INCLUDE_SOURCE;
				MTL_FAST_MATH = YES;
				ONLY_ACTIVE_ARCH = YES;
				SDKROOT = iphoneos;
				SWIFT_ACTIVE_COMPILATION_CONDITIONS = "DEBUG $(inherited)";
				SWIFT_EMIT_LOC_STRINGS = YES;
				SWIFT_OPTIMIZATION_LEVEL = "-Onone";
			};
			name = Debug;
		};
		0601CA492DAD1415006015E4 /* Release */ = {
			isa = XCBuildConfiguration;
			baseConfigurationReference = 06A1221A2E0C23DD001FDC40 /* Keys.xcconfig */;
			buildSettings = {
				ALWAYS_SEARCH_USER_PATHS = NO;
				ASSETCATALOG_COMPILER_GENERATE_SWIFT_ASSET_SYMBOL_EXTENSIONS = YES;
				CLANG_ANALYZER_NONNULL = YES;
				CLANG_ANALYZER_NUMBER_OBJECT_CONVERSION = YES_AGGRESSIVE;
				CLANG_CXX_LANGUAGE_STANDARD = "gnu++20";
				CLANG_ENABLE_MODULES = YES;
				CLANG_ENABLE_OBJC_ARC = YES;
				CLANG_ENABLE_OBJC_WEAK = YES;
				CLANG_WARN_BLOCK_CAPTURE_AUTORELEASING = YES;
				CLANG_WARN_BOOL_CONVERSION = YES;
				CLANG_WARN_COMMA = YES;
				CLANG_WARN_CONSTANT_CONVERSION = YES;
				CLANG_WARN_DEPRECATED_OBJC_IMPLEMENTATIONS = YES;
				CLANG_WARN_DIRECT_OBJC_ISA_USAGE = YES_ERROR;
				CLANG_WARN_DOCUMENTATION_COMMENTS = YES;
				CLANG_WARN_EMPTY_BODY = YES;
				CLANG_WARN_ENUM_CONVERSION = YES;
				CLANG_WARN_INFINITE_RECURSION = YES;
				CLANG_WARN_INT_CONVERSION = YES;
				CLANG_WARN_NON_LITERAL_NULL_CONVERSION = YES;
				CLANG_WARN_OBJC_IMPLICIT_RETAIN_SELF = YES;
				CLANG_WARN_OBJC_LITERAL_CONVERSION = YES;
				CLANG_WARN_OBJC_ROOT_CLASS = YES_ERROR;
				CLANG_WARN_QUOTED_INCLUDE_IN_FRAMEWORK_HEADER = YES;
				CLANG_WARN_RANGE_LOOP_ANALYSIS = YES;
				CLANG_WARN_STRICT_PROTOTYPES = YES;
				CLANG_WARN_SUSPICIOUS_MOVE = YES;
				CLANG_WARN_UNGUARDED_AVAILABILITY = YES_AGGRESSIVE;
				CLANG_WARN_UNREACHABLE_CODE = YES;
				CLANG_WARN__DUPLICATE_METHOD_MATCH = YES;
				COPY_PHASE_STRIP = NO;
				DEBUG_INFORMATION_FORMAT = "dwarf-with-dsym";
				ENABLE_NS_ASSERTIONS = NO;
				ENABLE_STRICT_OBJC_MSGSEND = YES;
				ENABLE_USER_SCRIPT_SANDBOXING = YES;
				GCC_C_LANGUAGE_STANDARD = gnu17;
				GCC_NO_COMMON_BLOCKS = YES;
				GCC_WARN_64_TO_32_BIT_CONVERSION = YES;
				GCC_WARN_ABOUT_RETURN_TYPE = YES_ERROR;
				GCC_WARN_UNDECLARED_SELECTOR = YES;
				GCC_WARN_UNINITIALIZED_AUTOS = YES_AGGRESSIVE;
				GCC_WARN_UNUSED_FUNCTION = YES;
				GCC_WARN_UNUSED_VARIABLE = YES;
				IPHONEOS_DEPLOYMENT_TARGET = 18.2;
				LOCALIZATION_PREFERS_STRING_CATALOGS = YES;
				MTL_ENABLE_DEBUG_INFO = NO;
				MTL_FAST_MATH = YES;
				SDKROOT = iphoneos;
				SWIFT_COMPILATION_MODE = wholemodule;
				SWIFT_EMIT_LOC_STRINGS = YES;
				VALIDATE_PRODUCT = YES;
			};
			name = Release;
		};
		0601CA4B2DAD1415006015E4 /* Debug */ = {
			isa = XCBuildConfiguration;
			baseConfigurationReference = 06A1221A2E0C23DD001FDC40 /* Keys.xcconfig */;
			buildSettings = {
				ASSETCATALOG_COMPILER_APPICON_NAME = AppIcon;
				ASSETCATALOG_COMPILER_GLOBAL_ACCENT_COLOR_NAME = AccentColor;
				CODE_SIGN_STYLE = Automatic;
				CURRENT_PROJECT_VERSION = 1;
				DEVELOPMENT_ASSET_PATHS = "\"FridgeAI/Preview Content\"";
				DEVELOPMENT_TEAM = 79N9K2FRXV;
				ENABLE_PREVIEWS = YES;
				GENERATE_INFOPLIST_FILE = YES;
				INFOPLIST_FILE = FridgeAI/Info.plist;
				INFOPLIST_KEY_NSCameraUsageDescription = "Wir benötigen die Kamera zum scannen von Produkten";
				INFOPLIST_KEY_NSFaceIDUsageDescription = "Ich würde gerne FaceID verwenden";
				INFOPLIST_KEY_UIApplicationSceneManifest_Generation = YES;
				INFOPLIST_KEY_UIApplicationSupportsIndirectInputEvents = YES;
				INFOPLIST_KEY_UILaunchScreen_Generation = YES;
				INFOPLIST_KEY_UISupportedInterfaceOrientations_iPad = "UIInterfaceOrientationPortrait UIInterfaceOrientationPortraitUpsideDown UIInterfaceOrientationLandscapeLeft UIInterfaceOrientationLandscapeRight";
				INFOPLIST_KEY_UISupportedInterfaceOrientations_iPhone = "UIInterfaceOrientationPortrait UIInterfaceOrientationLandscapeLeft UIInterfaceOrientationLandscapeRight";
				LD_RUNPATH_SEARCH_PATHS = (
					"$(inherited)",
					"@executable_path/Frameworks",
				);
				MARKETING_VERSION = 1.0;
				PRODUCT_BUNDLE_IDENTIFIER = com.Teamname.FridgeAI;
				PRODUCT_NAME = "$(TARGET_NAME)";
				SWIFT_EMIT_LOC_STRINGS = YES;
				SWIFT_VERSION = 5.0;
				TARGETED_DEVICE_FAMILY = "1,2";
			};
			name = Debug;
		};
		0601CA4C2DAD1415006015E4 /* Release */ = {
			isa = XCBuildConfiguration;
			baseConfigurationReference = 06A1221A2E0C23DD001FDC40 /* Keys.xcconfig */;
			buildSettings = {
				ASSETCATALOG_COMPILER_APPICON_NAME = AppIcon;
				ASSETCATALOG_COMPILER_GLOBAL_ACCENT_COLOR_NAME = AccentColor;
				CODE_SIGN_STYLE = Automatic;
				CURRENT_PROJECT_VERSION = 1;
				DEVELOPMENT_ASSET_PATHS = "\"FridgeAI/Preview Content\"";
				DEVELOPMENT_TEAM = 79N9K2FRXV;
				ENABLE_PREVIEWS = YES;
				GENERATE_INFOPLIST_FILE = YES;
				INFOPLIST_FILE = FridgeAI/Info.plist;
				INFOPLIST_KEY_NSCameraUsageDescription = "Wir benötigen die Kamera zum scannen von Produkten";
				INFOPLIST_KEY_NSFaceIDUsageDescription = "Ich würde gerne FaceID verwenden";
				INFOPLIST_KEY_UIApplicationSceneManifest_Generation = YES;
				INFOPLIST_KEY_UIApplicationSupportsIndirectInputEvents = YES;
				INFOPLIST_KEY_UILaunchScreen_Generation = YES;
				INFOPLIST_KEY_UISupportedInterfaceOrientations_iPad = "UIInterfaceOrientationPortrait UIInterfaceOrientationPortraitUpsideDown UIInterfaceOrientationLandscapeLeft UIInterfaceOrientationLandscapeRight";
				INFOPLIST_KEY_UISupportedInterfaceOrientations_iPhone = "UIInterfaceOrientationPortrait UIInterfaceOrientationLandscapeLeft UIInterfaceOrientationLandscapeRight";
				LD_RUNPATH_SEARCH_PATHS = (
					"$(inherited)",
					"@executable_path/Frameworks",
				);
				MARKETING_VERSION = 1.0;
				PRODUCT_BUNDLE_IDENTIFIER = com.Teamname.FridgeAI;
				PRODUCT_NAME = "$(TARGET_NAME)";
				SWIFT_EMIT_LOC_STRINGS = YES;
				SWIFT_VERSION = 5.0;
				TARGETED_DEVICE_FAMILY = "1,2";
			};
			name = Release;
		};
/* End XCBuildConfiguration section */

/* Begin XCConfigurationList section */
		0601CA372DAD1414006015E4 /* Build configuration list for PBXProject "FridgeAI" */ = {
			isa = XCConfigurationList;
			buildConfigurations = (
				0601CA482DAD1415006015E4 /* Debug */,
				0601CA492DAD1415006015E4 /* Release */,
			);
			defaultConfigurationIsVisible = 0;
			defaultConfigurationName = Release;
		};
		0601CA4A2DAD1415006015E4 /* Build configuration list for PBXNativeTarget "FridgeAI" */ = {
			isa = XCConfigurationList;
			buildConfigurations = (
				0601CA4B2DAD1415006015E4 /* Debug */,
				0601CA4C2DAD1415006015E4 /* Release */,
			);
			defaultConfigurationIsVisible = 0;
			defaultConfigurationName = Release;
		};
/* End XCConfigurationList section */

/* Begin XCRemoteSwiftPackageReference section */
		063312532DB00CE800AFA650 /* XCRemoteSwiftPackageReference "CodeScanner" */ = {
			isa = XCRemoteSwiftPackageReference;
			repositoryURL = "https://github.com/twostraws/CodeScanner";
			requirement = {
				kind = upToNextMajorVersion;
				minimumVersion = 2.5.2;
			};
		};
		067632CD2DBF894F009E8A80 /* XCRemoteSwiftPackageReference "firebase-ios-sdk" */ = {
			isa = XCRemoteSwiftPackageReference;
			repositoryURL = "https://github.com/firebase/firebase-ios-sdk";
			requirement = {
				kind = upToNextMajorVersion;
				minimumVersion = 11.12.0;
			};
		};
/* End XCRemoteSwiftPackageReference section */

/* Begin XCSwiftPackageProductDependency section */
		063312542DB00CE800AFA650 /* CodeScanner */ = {
			isa = XCSwiftPackageProductDependency;
			package = 063312532DB00CE800AFA650 /* XCRemoteSwiftPackageReference "CodeScanner" */;
			productName = CodeScanner;
		};
		067632CE2DBF894F009E8A80 /* FirebaseAuth */ = {
			isa = XCSwiftPackageProductDependency;
			package = 067632CD2DBF894F009E8A80 /* XCRemoteSwiftPackageReference "firebase-ios-sdk" */;
			productName = FirebaseAuth;
		};
		067632D02DBF894F009E8A80 /* FirebaseFirestore */ = {
			isa = XCSwiftPackageProductDependency;
			package = 067632CD2DBF894F009E8A80 /* XCRemoteSwiftPackageReference "firebase-ios-sdk" */;
			productName = FirebaseFirestore;
		};
/* End XCSwiftPackageProductDependency section */
	};
	rootObject = 0601CA342DAD1414006015E4 /* Project object */;
}
